// !$*UTF8*$!
{
	archiveVersion = 1;
	classes = {
	};
	objectVersion = 46;
	objects = {

/* Begin PBXBuildFile section */
		0AAAEDB81D2016CE002C9A92 /* AppDelegate.swift in Sources */ = {isa = PBXBuildFile; fileRef = 0AAAEDB71D2016CE002C9A92 /* AppDelegate.swift */; };
		0AAAEDBA1D2016CE002C9A92 /* GameScene.sks in Resources */ = {isa = PBXBuildFile; fileRef = 0AAAEDB91D2016CE002C9A92 /* GameScene.sks */; };
		0AAAEDBC1D2016CE002C9A92 /* GameScene.swift in Sources */ = {isa = PBXBuildFile; fileRef = 0AAAEDBB1D2016CE002C9A92 /* GameScene.swift */; };
		0AAAEDBE1D2016CE002C9A92 /* GameViewController.swift in Sources */ = {isa = PBXBuildFile; fileRef = 0AAAEDBD1D2016CE002C9A92 /* GameViewController.swift */; };
		0AAAEDC11D2016CE002C9A92 /* Main.storyboard in Resources */ = {isa = PBXBuildFile; fileRef = 0AAAEDBF1D2016CE002C9A92 /* Main.storyboard */; };
		0AAAEDC31D2016CE002C9A92 /* Assets.xcassets in Resources */ = {isa = PBXBuildFile; fileRef = 0AAAEDC21D2016CE002C9A92 /* Assets.xcassets */; };
		0AAAEDC61D2016CE002C9A92 /* LaunchScreen.storyboard in Resources */ = {isa = PBXBuildFile; fileRef = 0AAAEDC41D2016CE002C9A92 /* LaunchScreen.storyboard */; };
		0AAAEDD11D2016CE002C9A92 /* GameoflifeTests.swift in Sources */ = {isa = PBXBuildFile; fileRef = 0AAAEDD01D2016CE002C9A92 /* GameoflifeTests.swift */; };
		0AAAEDDC1D2016CE002C9A92 /* GameoflifeUITests.swift in Sources */ = {isa = PBXBuildFile; fileRef = 0AAAEDDB1D2016CE002C9A92 /* GameoflifeUITests.swift */; };
		0AAAEDF91D2017A8002C9A92 /* MSButtonNode.swift in Sources */ = {isa = PBXBuildFile; fileRef = 0AAAEDEA1D2017A8002C9A92 /* MSButtonNode.swift */; };
		0AAAEDFA1D2017A8002C9A92 /* MSReferenceNode.swift in Sources */ = {isa = PBXBuildFile; fileRef = 0AAAEDEB1D2017A8002C9A92 /* MSReferenceNode.swift */; };
		0AAAEDFB1D2017A8002C9A92 /* CGFloat+Extensions.swift in Sources */ = {isa = PBXBuildFile; fileRef = 0AAAEDED1D2017A8002C9A92 /* CGFloat+Extensions.swift */; };
		0AAAEDFC1D2017A8002C9A92 /* CGPoint+Extensions.swift in Sources */ = {isa = PBXBuildFile; fileRef = 0AAAEDEE1D2017A8002C9A92 /* CGPoint+Extensions.swift */; };
		0AAAEDFD1D2017A8002C9A92 /* CGVector+Extensions.swift in Sources */ = {isa = PBXBuildFile; fileRef = 0AAAEDEF1D2017A8002C9A92 /* CGVector+Extensions.swift */; };
		0AAAEDFE1D2017A8002C9A92 /* Int+Extensions.swift in Sources */ = {isa = PBXBuildFile; fileRef = 0AAAEDF01D2017A8002C9A92 /* Int+Extensions.swift */; };
		0AAAEDFF1D2017A8002C9A92 /* SKAction+Extensions.swift in Sources */ = {isa = PBXBuildFile; fileRef = 0AAAEDF11D2017A8002C9A92 /* SKAction+Extensions.swift */; };
		0AAAEE001D2017A8002C9A92 /* SKAction+SpecialEffects.swift in Sources */ = {isa = PBXBuildFile; fileRef = 0AAAEDF21D2017A8002C9A92 /* SKAction+SpecialEffects.swift */; };
		0AAAEE011D2017A8002C9A92 /* SKColor+Extensions.swift in Sources */ = {isa = PBXBuildFile; fileRef = 0AAAEDF31D2017A8002C9A92 /* SKColor+Extensions.swift */; };
		0AAAEE021D2017A8002C9A92 /* SKNode+Extensions.swift in Sources */ = {isa = PBXBuildFile; fileRef = 0AAAEDF41D2017A8002C9A92 /* SKNode+Extensions.swift */; };
		0AAAEE031D2017A8002C9A92 /* SKTAudio.swift in Sources */ = {isa = PBXBuildFile; fileRef = 0AAAEDF51D2017A8002C9A92 /* SKTAudio.swift */; };
		0AAAEE041D2017A8002C9A92 /* SKTEffects.swift in Sources */ = {isa = PBXBuildFile; fileRef = 0AAAEDF61D2017A8002C9A92 /* SKTEffects.swift */; };
		0AAAEE051D2017A8002C9A92 /* SKTTimingFunctions.swift in Sources */ = {isa = PBXBuildFile; fileRef = 0AAAEDF71D2017A8002C9A92 /* SKTTimingFunctions.swift */; };
		0AAAEE061D2017A8002C9A92 /* Vector3.swift in Sources */ = {isa = PBXBuildFile; fileRef = 0AAAEDF81D2017A8002C9A92 /* Vector3.swift */; };
		0AAAEE081D20381D002C9A92 /* Grid.swift in Sources */ = {isa = PBXBuildFile; fileRef = 0AAAEE071D20381D002C9A92 /* Grid.swift */; };
		0AAAEE0A1D2038DC002C9A92 /* Creature.swift in Sources */ = {isa = PBXBuildFile; fileRef = 0AAAEE091D2038DC002C9A92 /* Creature.swift */; };
/* End PBXBuildFile section */

/* Begin PBXContainerItemProxy section */
		0AAAEDCD1D2016CE002C9A92 /* PBXContainerItemProxy */ = {
			isa = PBXContainerItemProxy;
			containerPortal = 0AAAEDAC1D2016CE002C9A92 /* Project object */;
			proxyType = 1;
			remoteGlobalIDString = 0AAAEDB31D2016CE002C9A92;
			remoteInfo = Gameoflife;
		};
		0AAAEDD81D2016CE002C9A92 /* PBXContainerItemProxy */ = {
			isa = PBXContainerItemProxy;
			containerPortal = 0AAAEDAC1D2016CE002C9A92 /* Project object */;
			proxyType = 1;
			remoteGlobalIDString = 0AAAEDB31D2016CE002C9A92;
			remoteInfo = Gameoflife;
		};
/* End PBXContainerItemProxy section */

/* Begin PBXFileReference section */
		0AAAEDB41D2016CE002C9A92 /* Gameoflife.app */ = {isa = PBXFileReference; explicitFileType = wrapper.application; includeInIndex = 0; path = Gameoflife.app; sourceTree = BUILT_PRODUCTS_DIR; };
		0AAAEDB71D2016CE002C9A92 /* AppDelegate.swift */ = {isa = PBXFileReference; lastKnownFileType = sourcecode.swift; path = AppDelegate.swift; sourceTree = "<group>"; };
		0AAAEDB91D2016CE002C9A92 /* GameScene.sks */ = {isa = PBXFileReference; lastKnownFileType = file.sks; path = GameScene.sks; sourceTree = "<group>"; };
		0AAAEDBB1D2016CE002C9A92 /* GameScene.swift */ = {isa = PBXFileReference; lastKnownFileType = sourcecode.swift; path = GameScene.swift; sourceTree = "<group>"; };
		0AAAEDBD1D2016CE002C9A92 /* GameViewController.swift */ = {isa = PBXFileReference; lastKnownFileType = sourcecode.swift; path = GameViewController.swift; sourceTree = "<group>"; };
		0AAAEDC01D2016CE002C9A92 /* Base */ = {isa = PBXFileReference; lastKnownFileType = file.storyboard; name = Base; path = Base.lproj/Main.storyboard; sourceTree = "<group>"; };
		0AAAEDC21D2016CE002C9A92 /* Assets.xcassets */ = {isa = PBXFileReference; lastKnownFileType = folder.assetcatalog; path = Assets.xcassets; sourceTree = "<group>"; };
		0AAAEDC51D2016CE002C9A92 /* Base */ = {isa = PBXFileReference; lastKnownFileType = file.storyboard; name = Base; path = Base.lproj/LaunchScreen.storyboard; sourceTree = "<group>"; };
		0AAAEDC71D2016CE002C9A92 /* Info.plist */ = {isa = PBXFileReference; lastKnownFileType = text.plist.xml; path = Info.plist; sourceTree = "<group>"; };
		0AAAEDCC1D2016CE002C9A92 /* GameoflifeTests.xctest */ = {isa = PBXFileReference; explicitFileType = wrapper.cfbundle; includeInIndex = 0; path = GameoflifeTests.xctest; sourceTree = BUILT_PRODUCTS_DIR; };
		0AAAEDD01D2016CE002C9A92 /* GameoflifeTests.swift */ = {isa = PBXFileReference; lastKnownFileType = sourcecode.swift; path = GameoflifeTests.swift; sourceTree = "<group>"; };
		0AAAEDD21D2016CE002C9A92 /* Info.plist */ = {isa = PBXFileReference; lastKnownFileType = text.plist.xml; path = Info.plist; sourceTree = "<group>"; };
		0AAAEDD71D2016CE002C9A92 /* GameoflifeUITests.xctest */ = {isa = PBXFileReference; explicitFileType = wrapper.cfbundle; includeInIndex = 0; path = GameoflifeUITests.xctest; sourceTree = BUILT_PRODUCTS_DIR; };
		0AAAEDDB1D2016CE002C9A92 /* GameoflifeUITests.swift */ = {isa = PBXFileReference; lastKnownFileType = sourcecode.swift; path = GameoflifeUITests.swift; sourceTree = "<group>"; };
		0AAAEDDD1D2016CE002C9A92 /* Info.plist */ = {isa = PBXFileReference; lastKnownFileType = text.plist.xml; path = Info.plist; sourceTree = "<group>"; };
		0AAAEDEA1D2017A8002C9A92 /* MSButtonNode.swift */ = {isa = PBXFileReference; fileEncoding = 4; lastKnownFileType = sourcecode.swift; path = MSButtonNode.swift; sourceTree = "<group>"; };
		0AAAEDEB1D2017A8002C9A92 /* MSReferenceNode.swift */ = {isa = PBXFileReference; fileEncoding = 4; lastKnownFileType = sourcecode.swift; path = MSReferenceNode.swift; sourceTree = "<group>"; };
		0AAAEDED1D2017A8002C9A92 /* CGFloat+Extensions.swift */ = {isa = PBXFileReference; fileEncoding = 4; lastKnownFileType = sourcecode.swift; path = "CGFloat+Extensions.swift"; sourceTree = "<group>"; };
		0AAAEDEE1D2017A8002C9A92 /* CGPoint+Extensions.swift */ = {isa = PBXFileReference; fileEncoding = 4; lastKnownFileType = sourcecode.swift; path = "CGPoint+Extensions.swift"; sourceTree = "<group>"; };
		0AAAEDEF1D2017A8002C9A92 /* CGVector+Extensions.swift */ = {isa = PBXFileReference; fileEncoding = 4; lastKnownFileType = sourcecode.swift; path = "CGVector+Extensions.swift"; sourceTree = "<group>"; };
		0AAAEDF01D2017A8002C9A92 /* Int+Extensions.swift */ = {isa = PBXFileReference; fileEncoding = 4; lastKnownFileType = sourcecode.swift; path = "Int+Extensions.swift"; sourceTree = "<group>"; };
		0AAAEDF11D2017A8002C9A92 /* SKAction+Extensions.swift */ = {isa = PBXFileReference; fileEncoding = 4; lastKnownFileType = sourcecode.swift; path = "SKAction+Extensions.swift"; sourceTree = "<group>"; };
		0AAAEDF21D2017A8002C9A92 /* SKAction+SpecialEffects.swift */ = {isa = PBXFileReference; fileEncoding = 4; lastKnownFileType = sourcecode.swift; path = "SKAction+SpecialEffects.swift"; sourceTree = "<group>"; };
		0AAAEDF31D2017A8002C9A92 /* SKColor+Extensions.swift */ = {isa = PBXFileReference; fileEncoding = 4; lastKnownFileType = sourcecode.swift; path = "SKColor+Extensions.swift"; sourceTree = "<group>"; };
		0AAAEDF41D2017A8002C9A92 /* SKNode+Extensions.swift */ = {isa = PBXFileReference; fileEncoding = 4; lastKnownFileType = sourcecode.swift; path = "SKNode+Extensions.swift"; sourceTree = "<group>"; };
		0AAAEDF51D2017A8002C9A92 /* SKTAudio.swift */ = {isa = PBXFileReference; fileEncoding = 4; lastKnownFileType = sourcecode.swift; path = SKTAudio.swift; sourceTree = "<group>"; };
		0AAAEDF61D2017A8002C9A92 /* SKTEffects.swift */ = {isa = PBXFileReference; fileEncoding = 4; lastKnownFileType = sourcecode.swift; path = SKTEffects.swift; sourceTree = "<group>"; };
		0AAAEDF71D2017A8002C9A92 /* SKTTimingFunctions.swift */ = {isa = PBXFileReference; fileEncoding = 4; lastKnownFileType = sourcecode.swift; path = SKTTimingFunctions.swift; sourceTree = "<group>"; };
		0AAAEDF81D2017A8002C9A92 /* Vector3.swift */ = {isa = PBXFileReference; fileEncoding = 4; lastKnownFileType = sourcecode.swift; path = Vector3.swift; sourceTree = "<group>"; };
		0AAAEE071D20381D002C9A92 /* Grid.swift */ = {isa = PBXFileReference; fileEncoding = 4; lastKnownFileType = sourcecode.swift; path = Grid.swift; sourceTree = "<group>"; };
		0AAAEE091D2038DC002C9A92 /* Creature.swift */ = {isa = PBXFileReference; fileEncoding = 4; lastKnownFileType = sourcecode.swift; path = Creature.swift; sourceTree = "<group>"; };
/* End PBXFileReference section */

/* Begin PBXFrameworksBuildPhase section */
		0AAAEDB11D2016CE002C9A92 /* Frameworks */ = {
			isa = PBXFrameworksBuildPhase;
			buildActionMask = 2147483647;
			files = (
			);
			runOnlyForDeploymentPostprocessing = 0;
		};
		0AAAEDC91D2016CE002C9A92 /* Frameworks */ = {
			isa = PBXFrameworksBuildPhase;
			buildActionMask = 2147483647;
			files = (
			);
			runOnlyForDeploymentPostprocessing = 0;
		};
		0AAAEDD41D2016CE002C9A92 /* Frameworks */ = {
			isa = PBXFrameworksBuildPhase;
			buildActionMask = 2147483647;
			files = (
			);
			runOnlyForDeploymentPostprocessing = 0;
		};
/* End PBXFrameworksBuildPhase section */

/* Begin PBXGroup section */
		0AAAEDAB1D2016CE002C9A92 = {
			isa = PBXGroup;
			children = (
				0AAAEDB61D2016CE002C9A92 /* Gameoflife */,
				0AAAEDCF1D2016CE002C9A92 /* GameoflifeTests */,
				0AAAEDDA1D2016CE002C9A92 /* GameoflifeUITests */,
				0AAAEDB51D2016CE002C9A92 /* Products */,
			);
			sourceTree = "<group>";
		};
		0AAAEDB51D2016CE002C9A92 /* Products */ = {
			isa = PBXGroup;
			children = (
				0AAAEDB41D2016CE002C9A92 /* Gameoflife.app */,
				0AAAEDCC1D2016CE002C9A92 /* GameoflifeTests.xctest */,
				0AAAEDD71D2016CE002C9A92 /* GameoflifeUITests.xctest */,
			);
			name = Products;
			sourceTree = "<group>";
		};
		0AAAEDB61D2016CE002C9A92 /* Gameoflife */ = {
			isa = PBXGroup;
			children = (
				0AAAEDE91D2017A8002C9A92 /* Utils */,
				0AAAEDC21D2016CE002C9A92 /* Assets.xcassets */,
				0AAAEDB71D2016CE002C9A92 /* AppDelegate.swift */,
				0AAAEDB91D2016CE002C9A92 /* GameScene.sks */,
				0AAAEE071D20381D002C9A92 /* Grid.swift */,
				0AAAEE091D2038DC002C9A92 /* Creature.swift */,
				0AAAEDBB1D2016CE002C9A92 /* GameScene.swift */,
				0AAAEDBD1D2016CE002C9A92 /* GameViewController.swift */,
				0AAAEDBF1D2016CE002C9A92 /* Main.storyboard */,
				0AAAEDC41D2016CE002C9A92 /* LaunchScreen.storyboard */,
				0AAAEDC71D2016CE002C9A92 /* Info.plist */,
			);
			path = Gameoflife;
			sourceTree = "<group>";
		};
		0AAAEDCF1D2016CE002C9A92 /* GameoflifeTests */ = {
			isa = PBXGroup;
			children = (
				0AAAEDD01D2016CE002C9A92 /* GameoflifeTests.swift */,
				0AAAEDD21D2016CE002C9A92 /* Info.plist */,
			);
			path = GameoflifeTests;
			sourceTree = "<group>";
		};
		0AAAEDDA1D2016CE002C9A92 /* GameoflifeUITests */ = {
			isa = PBXGroup;
			children = (
				0AAAEDDB1D2016CE002C9A92 /* GameoflifeUITests.swift */,
				0AAAEDDD1D2016CE002C9A92 /* Info.plist */,
			);
			path = GameoflifeUITests;
			sourceTree = "<group>";
		};
		0AAAEDE91D2017A8002C9A92 /* Utils */ = {
			isa = PBXGroup;
			children = (
				0AAAEDEA1D2017A8002C9A92 /* MSButtonNode.swift */,
				0AAAEDEB1D2017A8002C9A92 /* MSReferenceNode.swift */,
				0AAAEDEC1D2017A8002C9A92 /* SKTUtils */,
			);
			path = Utils;
			sourceTree = "<group>";
		};
		0AAAEDEC1D2017A8002C9A92 /* SKTUtils */ = {
			isa = PBXGroup;
			children = (
				0AAAEDED1D2017A8002C9A92 /* CGFloat+Extensions.swift */,
				0AAAEDEE1D2017A8002C9A92 /* CGPoint+Extensions.swift */,
				0AAAEDEF1D2017A8002C9A92 /* CGVector+Extensions.swift */,
				0AAAEDF01D2017A8002C9A92 /* Int+Extensions.swift */,
				0AAAEDF11D2017A8002C9A92 /* SKAction+Extensions.swift */,
				0AAAEDF21D2017A8002C9A92 /* SKAction+SpecialEffects.swift */,
				0AAAEDF31D2017A8002C9A92 /* SKColor+Extensions.swift */,
				0AAAEDF41D2017A8002C9A92 /* SKNode+Extensions.swift */,
				0AAAEDF51D2017A8002C9A92 /* SKTAudio.swift */,
				0AAAEDF61D2017A8002C9A92 /* SKTEffects.swift */,
				0AAAEDF71D2017A8002C9A92 /* SKTTimingFunctions.swift */,
				0AAAEDF81D2017A8002C9A92 /* Vector3.swift */,
			);
			path = SKTUtils;
			sourceTree = "<group>";
		};
/* End PBXGroup section */

/* Begin PBXNativeTarget section */
		0AAAEDB31D2016CE002C9A92 /* Gameoflife */ = {
			isa = PBXNativeTarget;
			buildConfigurationList = 0AAAEDE01D2016CE002C9A92 /* Build configuration list for PBXNativeTarget "Gameoflife" */;
			buildPhases = (
				0AAAEDB01D2016CE002C9A92 /* Sources */,
				0AAAEDB11D2016CE002C9A92 /* Frameworks */,
				0AAAEDB21D2016CE002C9A92 /* Resources */,
			);
			buildRules = (
			);
			dependencies = (
			);
			name = Gameoflife;
			productName = Gameoflife;
			productReference = 0AAAEDB41D2016CE002C9A92 /* Gameoflife.app */;
			productType = "com.apple.product-type.application";
		};
		0AAAEDCB1D2016CE002C9A92 /* GameoflifeTests */ = {
			isa = PBXNativeTarget;
			buildConfigurationList = 0AAAEDE31D2016CE002C9A92 /* Build configuration list for PBXNativeTarget "GameoflifeTests" */;
			buildPhases = (
				0AAAEDC81D2016CE002C9A92 /* Sources */,
				0AAAEDC91D2016CE002C9A92 /* Frameworks */,
				0AAAEDCA1D2016CE002C9A92 /* Resources */,
			);
			buildRules = (
			);
			dependencies = (
				0AAAEDCE1D2016CE002C9A92 /* PBXTargetDependency */,
			);
			name = GameoflifeTests;
			productName = GameoflifeTests;
			productReference = 0AAAEDCC1D2016CE002C9A92 /* GameoflifeTests.xctest */;
			productType = "com.apple.product-type.bundle.unit-test";
		};
		0AAAEDD61D2016CE002C9A92 /* GameoflifeUITests */ = {
			isa = PBXNativeTarget;
			buildConfigurationList = 0AAAEDE61D2016CE002C9A92 /* Build configuration list for PBXNativeTarget "GameoflifeUITests" */;
			buildPhases = (
				0AAAEDD31D2016CE002C9A92 /* Sources */,
				0AAAEDD41D2016CE002C9A92 /* Frameworks */,
				0AAAEDD51D2016CE002C9A92 /* Resources */,
			);
			buildRules = (
			);
			dependencies = (
				0AAAEDD91D2016CE002C9A92 /* PBXTargetDependency */,
			);
			name = GameoflifeUITests;
			productName = GameoflifeUITests;
			productReference = 0AAAEDD71D2016CE002C9A92 /* GameoflifeUITests.xctest */;
			productType = "com.apple.product-type.bundle.ui-testing";
		};
/* End PBXNativeTarget section */

/* Begin PBXProject section */
		0AAAEDAC1D2016CE002C9A92 /* Project object */ = {
			isa = PBXProject;
			attributes = {
				LastSwiftUpdateCheck = 0730;
				LastUpgradeCheck = 0730;
				ORGANIZATIONNAME = "Li Zhang";
				TargetAttributes = {
					0AAAEDB31D2016CE002C9A92 = {
						CreatedOnToolsVersion = 7.3.1;
					};
					0AAAEDCB1D2016CE002C9A92 = {
						CreatedOnToolsVersion = 7.3.1;
						TestTargetID = 0AAAEDB31D2016CE002C9A92;
					};
					0AAAEDD61D2016CE002C9A92 = {
						CreatedOnToolsVersion = 7.3.1;
						TestTargetID = 0AAAEDB31D2016CE002C9A92;
					};
				};
			};
			buildConfigurationList = 0AAAEDAF1D2016CE002C9A92 /* Build configuration list for PBXProject "Gameoflife" */;
			compatibilityVersion = "Xcode 3.2";
			developmentRegion = English;
			hasScannedForEncodings = 0;
			knownRegions = (
				en,
				Base,
			);
			mainGroup = 0AAAEDAB1D2016CE002C9A92;
			productRefGroup = 0AAAEDB51D2016CE002C9A92 /* Products */;
			projectDirPath = "";
			projectRoot = "";
			targets = (
				0AAAEDB31D2016CE002C9A92 /* Gameoflife */,
				0AAAEDCB1D2016CE002C9A92 /* GameoflifeTests */,
				0AAAEDD61D2016CE002C9A92 /* GameoflifeUITests */,
			);
		};
/* End PBXProject section */

/* Begin PBXResourcesBuildPhase section */
		0AAAEDB21D2016CE002C9A92 /* Resources */ = {
			isa = PBXResourcesBuildPhase;
			buildActionMask = 2147483647;
			files = (
				0AAAEDBA1D2016CE002C9A92 /* GameScene.sks in Resources */,
				0AAAEDC61D2016CE002C9A92 /* LaunchScreen.storyboard in Resources */,
				0AAAEDC31D2016CE002C9A92 /* Assets.xcassets in Resources */,
				0AAAEDC11D2016CE002C9A92 /* Main.storyboard in Resources */,
			);
			runOnlyForDeploymentPostprocessing = 0;
		};
		0AAAEDCA1D2016CE002C9A92 /* Resources */ = {
			isa = PBXResourcesBuildPhase;
			buildActionMask = 2147483647;
			files = (
			);
			runOnlyForDeploymentPostprocessing = 0;
		};
		0AAAEDD51D2016CE002C9A92 /* Resources */ = {
			isa = PBXResourcesBuildPhase;
			buildActionMask = 2147483647;
			files = (
			);
			runOnlyForDeploymentPostprocessing = 0;
		};
/* End PBXResourcesBuildPhase section */

/* Begin PBXSourcesBuildPhase section */
		0AAAEDB01D2016CE002C9A92 /* Sources */ = {
			isa = PBXSourcesBuildPhase;
			buildActionMask = 2147483647;
			files = (
				0AAAEDFC1D2017A8002C9A92 /* CGPoint+Extensions.swift in Sources */,
				0AAAEE041D2017A8002C9A92 /* SKTEffects.swift in Sources */,
				0AAAEE0A1D2038DC002C9A92 /* Creature.swift in Sources */,
				0AAAEDFF1D2017A8002C9A92 /* SKAction+Extensions.swift in Sources */,
				0AAAEDBC1D2016CE002C9A92 /* GameScene.swift in Sources */,
				0AAAEE021D2017A8002C9A92 /* SKNode+Extensions.swift in Sources */,
				0AAAEDBE1D2016CE002C9A92 /* GameViewController.swift in Sources */,
				0AAAEE051D2017A8002C9A92 /* SKTTimingFunctions.swift in Sources */,
				0AAAEE001D2017A8002C9A92 /* SKAction+SpecialEffects.swift in Sources */,
				0AAAEDFE1D2017A8002C9A92 /* Int+Extensions.swift in Sources */,
				0AAAEE061D2017A8002C9A92 /* Vector3.swift in Sources */,
				0AAAEDB81D2016CE002C9A92 /* AppDelegate.swift in Sources */,
				0AAAEE011D2017A8002C9A92 /* SKColor+Extensions.swift in Sources */,
				0AAAEDFD1D2017A8002C9A92 /* CGVector+Extensions.swift in Sources */,
				0AAAEDFA1D2017A8002C9A92 /* MSReferenceNode.swift in Sources */,
				0AAAEE031D2017A8002C9A92 /* SKTAudio.swift in Sources */,
				0AAAEDFB1D2017A8002C9A92 /* CGFloat+Extensions.swift in Sources */,
				0AAAEDF91D2017A8002C9A92 /* MSButtonNode.swift in Sources */,
				0AAAEE081D20381D002C9A92 /* Grid.swift in Sources */,
			);
			runOnlyForDeploymentPostprocessing = 0;
		};
		0AAAEDC81D2016CE002C9A92 /* Sources */ = {
			isa = PBXSourcesBuildPhase;
			buildActionMask = 2147483647;
			files = (
				0AAAEDD11D2016CE002C9A92 /* GameoflifeTests.swift in Sources */,
			);
			runOnlyForDeploymentPostprocessing = 0;
		};
		0AAAEDD31D2016CE002C9A92 /* Sources */ = {
			isa = PBXSourcesBuildPhase;
			buildActionMask = 2147483647;
			files = (
				0AAAEDDC1D2016CE002C9A92 /* GameoflifeUITests.swift in Sources */,
			);
			runOnlyForDeploymentPostprocessing = 0;
		};
/* End PBXSourcesBuildPhase section */

/* Begin PBXTargetDependency section */
		0AAAEDCE1D2016CE002C9A92 /* PBXTargetDependency */ = {
			isa = PBXTargetDependency;
			target = 0AAAEDB31D2016CE002C9A92 /* Gameoflife */;
			targetProxy = 0AAAEDCD1D2016CE002C9A92 /* PBXContainerItemProxy */;
		};
		0AAAEDD91D2016CE002C9A92 /* PBXTargetDependency */ = {
			isa = PBXTargetDependency;
			target = 0AAAEDB31D2016CE002C9A92 /* Gameoflife */;
			targetProxy = 0AAAEDD81D2016CE002C9A92 /* PBXContainerItemProxy */;
		};
/* End PBXTargetDependency section */

/* Begin PBXVariantGroup section */
		0AAAEDBF1D2016CE002C9A92 /* Main.storyboard */ = {
			isa = PBXVariantGroup;
			children = (
				0AAAEDC01D2016CE002C9A92 /* Base */,
			);
			name = Main.storyboard;
			sourceTree = "<group>";
		};
		0AAAEDC41D2016CE002C9A92 /* LaunchScreen.storyboard */ = {
			isa = PBXVariantGroup;
			children = (
				0AAAEDC51D2016CE002C9A92 /* Base */,
			);
			name = LaunchScreen.storyboard;
			sourceTree = "<group>";
		};
/* End PBXVariantGroup section */

/* Begin XCBuildConfiguration section */
		0AAAEDDE1D2016CE002C9A92 /* Debug */ = {
			isa = XCBuildConfiguration;
			buildSettings = {
				ALWAYS_SEARCH_USER_PATHS = NO;
				CLANG_ANALYZER_NONNULL = YES;
				CLANG_CXX_LANGUAGE_STANDARD = "gnu++0x";
				CLANG_CXX_LIBRARY = "libc++";
				CLANG_ENABLE_MODULES = YES;
				CLANG_ENABLE_OBJC_ARC = YES;
				CLANG_WARN_BOOL_CONVERSION = YES;
				CLANG_WARN_CONSTANT_CONVERSION = YES;
				CLANG_WARN_DIRECT_OBJC_ISA_USAGE = YES_ERROR;
				CLANG_WARN_EMPTY_BODY = YES;
				CLANG_WARN_ENUM_CONVERSION = YES;
				CLANG_WARN_INT_CONVERSION = YES;
				CLANG_WARN_OBJC_ROOT_CLASS = YES_ERROR;
				CLANG_WARN_UNREACHABLE_CODE = YES;
				CLANG_WARN__DUPLICATE_METHOD_MATCH = YES;
				"CODE_SIGN_IDENTITY[sdk=iphoneos*]" = "iPhone Developer";
				COPY_PHASE_STRIP = NO;
				DEBUG_INFORMATION_FORMAT = "dwarf-with-dsym";
				ENABLE_STRICT_OBJC_MSGSEND = YES;
				ENABLE_TESTABILITY = YES;
				GCC_C_LANGUAGE_STANDARD = gnu99;
				GCC_DYNAMIC_NO_PIC = NO;
				GCC_NO_COMMON_BLOCKS = YES;
				GCC_OPTIMIZATION_LEVEL = 0;
				GCC_PREPROCESSOR_DEFINITIONS = (
					"DEBUG=1",
					"$(inherited)",
				);
				GCC_WARN_64_TO_32_BIT_CONVERSION = YES;
				GCC_WARN_ABOUT_RETURN_TYPE = YES_ERROR;
				GCC_WARN_UNDECLARED_SELECTOR = YES;
				GCC_WARN_UNINITIALIZED_AUTOS = YES_AGGRESSIVE;
				GCC_WARN_UNUSED_FUNCTION = YES;
				GCC_WARN_UNUSED_VARIABLE = YES;
				IPHONEOS_DEPLOYMENT_TARGET = 9.3;
				MTL_ENABLE_DEBUG_INFO = YES;
				ONLY_ACTIVE_ARCH = YES;
				SDKROOT = iphoneos;
				SWIFT_OPTIMIZATION_LEVEL = "-Onone";
				TARGETED_DEVICE_FAMILY = "1,2";
			};
			name = Debug;
		};
		0AAAEDDF1D2016CE002C9A92 /* Release */ = {
			isa = XCBuildConfiguration;
			buildSettings = {
				ALWAYS_SEARCH_USER_PATHS = NO;
				CLANG_ANALYZER_NONNULL = YES;
				CLANG_CXX_LANGUAGE_STANDARD = "gnu++0x";
				CLANG_CXX_LIBRARY = "libc++";
				CLANG_ENABLE_MODULES = YES;
				CLANG_ENABLE_OBJC_ARC = YES;
				CLANG_WARN_BOOL_CONVERSION = YES;
				CLANG_WARN_CONSTANT_CONVERSION = YES;
				CLANG_WARN_DIRECT_OBJC_ISA_USAGE = YES_ERROR;
				CLANG_WARN_EMPTY_BODY = YES;
				CLANG_WARN_ENUM_CONVERSION = YES;
				CLANG_WARN_INT_CONVERSION = YES;
				CLANG_WARN_OBJC_ROOT_CLASS = YES_ERROR;
				CLANG_WARN_UNREACHABLE_CODE = YES;
				CLANG_WARN__DUPLICATE_METHOD_MATCH = YES;
				"CODE_SIGN_IDENTITY[sdk=iphoneos*]" = "iPhone Developer";
				COPY_PHASE_STRIP = NO;
				DEBUG_INFORMATION_FORMAT = "dwarf-with-dsym";
				ENABLE_NS_ASSERTIONS = NO;
				ENABLE_STRICT_OBJC_MSGSEND = YES;
				GCC_C_LANGUAGE_STANDARD = gnu99;
				GCC_NO_COMMON_BLOCKS = YES;
				GCC_WARN_64_TO_32_BIT_CONVERSION = YES;
				GCC_WARN_ABOUT_RETURN_TYPE = YES_ERROR;
				GCC_WARN_UNDECLARED_SELECTOR = YES;
				GCC_WARN_UNINITIALIZED_AUTOS = YES_AGGRESSIVE;
				GCC_WARN_UNUSED_FUNCTION = YES;
				GCC_WARN_UNUSED_VARIABLE = YES;
				IPHONEOS_DEPLOYMENT_TARGET = 9.3;
				MTL_ENABLE_DEBUG_INFO = NO;
				SDKROOT = iphoneos;
				TARGETED_DEVICE_FAMILY = "1,2";
				VALIDATE_PRODUCT = YES;
			};
			name = Release;
		};
		0AAAEDE11D2016CE002C9A92 /* Debug */ = {
			isa = XCBuildConfiguration;
			buildSettings = {
				ASSETCATALOG_COMPILER_APPICON_NAME = AppIcon;
				INFOPLIST_FILE = Gameoflife/Info.plist;
				LD_RUNPATH_SEARCH_PATHS = "$(inherited) @executable_path/Frameworks";
				PRODUCT_BUNDLE_IDENTIFIER = com.makeschool.Gameoflife;
				PRODUCT_NAME = "$(TARGET_NAME)";
			};
			name = Debug;
		};
		0AAAEDE21D2016CE002C9A92 /* Release */ = {
			isa = XCBuildConfiguration;
			buildSettings = {
				ASSETCATALOG_COMPILER_APPICON_NAME = AppIcon;
				INFOPLIST_FILE = Gameoflife/Info.plist;
				LD_RUNPATH_SEARCH_PATHS = "$(inherited) @executable_path/Frameworks";
				PRODUCT_BUNDLE_IDENTIFIER = com.makeschool.Gameoflife;
				PRODUCT_NAME = "$(TARGET_NAME)";
			};
			name = Release;
		};
		0AAAEDE41D2016CE002C9A92 /* Debug */ = {
			isa = XCBuildConfiguration;
			buildSettings = {
				BUNDLE_LOADER = "$(TEST_HOST)";
				DEBUG_INFORMATION_FORMAT = dwarf;
				INFOPLIST_FILE = GameoflifeTests/Info.plist;
				LD_RUNPATH_SEARCH_PATHS = "$(inherited) @executable_path/Frameworks @loader_path/Frameworks";
				PRODUCT_BUNDLE_IDENTIFIER = com.makeschool.GameoflifeTests;
				PRODUCT_NAME = "$(TARGET_NAME)";
				TEST_HOST = "$(BUILT_PRODUCTS_DIR)/Gameoflife.app/Gameoflife";
			};
			name = Debug;
		};
		0AAAEDE51D2016CE002C9A92 /* Release */ = {
			isa = XCBuildConfiguration;
			buildSettings = {
				BUNDLE_LOADER = "$(TEST_HOST)";
				INFOPLIST_FILE = GameoflifeTests/Info.plist;
				LD_RUNPATH_SEARCH_PATHS = "$(inherited) @executable_path/Frameworks @loader_path/Frameworks";
				PRODUCT_BUNDLE_IDENTIFIER = com.makeschool.GameoflifeTests;
				PRODUCT_NAME = "$(TARGET_NAME)";
				TEST_HOST = "$(BUILT_PRODUCTS_DIR)/Gameoflife.app/Gameoflife";
			};
			name = Release;
		};
		0AAAEDE71D2016CE002C9A92 /* Debug */ = {
			isa = XCBuildConfiguration;
			buildSettings = {
				DEBUG_INFORMATION_FORMAT = dwarf;
				INFOPLIST_FILE = GameoflifeUITests/Info.plist;
				LD_RUNPATH_SEARCH_PATHS = "$(inherited) @executable_path/Frameworks @loader_path/Frameworks";
				PRODUCT_BUNDLE_IDENTIFIER = com.makeschool.GameoflifeUITests;
				PRODUCT_NAME = "$(TARGET_NAME)";
				TEST_TARGET_NAME = Gameoflife;
			};
			name = Debug;
		};
		0AAAEDE81D2016CE002C9A92 /* Release */ = {
			isa = XCBuildConfiguration;
			buildSettings = {
				INFOPLIST_FILE = GameoflifeUITests/Info.plist;
				LD_RUNPATH_SEARCH_PATHS = "$(inherited) @executable_path/Frameworks @loader_path/Frameworks";
				PRODUCT_BUNDLE_IDENTIFIER = com.makeschool.GameoflifeUITests;
				PRODUCT_NAME = "$(TARGET_NAME)";
				TEST_TARGET_NAME = Gameoflife;
			};
			name = Release;
		};
/* End XCBuildConfiguration section */

/* Begin XCConfigurationList section */
		0AAAEDAF1D2016CE002C9A92 /* Build configuration list for PBXProject "Gameoflife" */ = {
			isa = XCConfigurationList;
			buildConfigurations = (
				0AAAEDDE1D2016CE002C9A92 /* Debug */,
				0AAAEDDF1D2016CE002C9A92 /* Release */,
			);
			defaultConfigurationIsVisible = 0;
			defaultConfigurationName = Release;
		};
		0AAAEDE01D2016CE002C9A92 /* Build configuration list for PBXNativeTarget "Gameoflife" */ = {
			isa = XCConfigurationList;
			buildConfigurations = (
				0AAAEDE11D2016CE002C9A92 /* Debug */,
				0AAAEDE21D2016CE002C9A92 /* Release */,
			);
			defaultConfigurationIsVisible = 0;
		};
		0AAAEDE31D2016CE002C9A92 /* Build configuration list for PBXNativeTarget "GameoflifeTests" */ = {
			isa = XCConfigurationList;
			buildConfigurations = (
				0AAAEDE41D2016CE002C9A92 /* Debug */,
				0AAAEDE51D2016CE002C9A92 /* Release */,
			);
			defaultConfigurationIsVisible = 0;
		};
		0AAAEDE61D2016CE002C9A92 /* Build configuration list for PBXNativeTarget "GameoflifeUITests" */ = {
			isa = XCConfigurationList;
			buildConfigurations = (
				0AAAEDE71D2016CE002C9A92 /* Debug */,
				0AAAEDE81D2016CE002C9A92 /* Release */,
			);
			defaultConfigurationIsVisible = 0;
		};
/* End XCConfigurationList section */
	};
	rootObject = 0AAAEDAC1D2016CE002C9A92 /* Project object */;
}
